
Microsoft Visual Studio Solution File, Format Version 12.00
# Visual Studio Version 16
VisualStudioVersion = 16.0.31424.327
MinimumVisualStudioVersion = 10.0.40219.1
Project("{FAE04EC0-301F-11D3-BF4B-00C04F79EFBC}") = "Services", "Services\Services.csproj", "{5C1BE63A-1D84-48EB-AD51-CA9FBAB4CA62}"
EndProject
Project("{FAE04EC0-301F-11D3-BF4B-00C04F79EFBC}") = "Test", "Test\Test.csproj", "{284318DE-A748-4653-B859-53C0BEDBACEC}"
EndProject
Global
	GlobalSection(SolutionConfigurationPlatforms) = preSolution
		Debug|Any CPU = Debug|Any CPU
		Release|Any CPU = Release|Any CPU
	EndGlobalSection
	GlobalSection(ProjectConfigurationPlatforms) = postSolution
		{5C1BE63A-1D84-48EB-AD51-CA9FBAB4CA62}.Debug|Any CPU.ActiveCfg = Debug|Any CPU
		{5C1BE63A-1D84-48EB-AD51-CA9FBAB4CA62}.Debug|Any CPU.Build.0 = Debug|Any CPU
		{5C1BE63A-1D84-48EB-AD51-CA9FBAB4CA62}.Release|Any CPU.ActiveCfg = Release|Any CPU
		{5C1BE63A-1D84-48EB-AD51-CA9FBAB4CA62}.Release|Any CPU.Build.0 = Release|Any CPU
		{284318DE-A748-4653-B859-53C0BEDBACEC}.Debug|Any CPU.ActiveCfg = Debug|Any CPU
		{284318DE-A748-4653-B859-53C0BEDBACEC}.Debug|Any CPU.Build.0 = Debug|Any CPU
		{284318DE-A748-4653-B859-53C0BEDBACEC}.Release|Any CPU.ActiveCfg = Release|Any CPU
		{284318DE-A748-4653-B859-53C0BEDBACEC}.Release|Any CPU.Build.0 = Release|Any CPU
	EndGlobalSection
	GlobalSection(SolutionProperties) = preSolution
		HideSolutionNode = FALSE
	EndGlobalSection
	GlobalSection(ExtensibilityGlobals) = postSolution
		SolutionGuid = {1FF3EDE2-B9C1-4485-B986-C225EDBF7DCB}
	EndGlobalSection
EndGlobal
